
Microsoft Visual Studio Solution File, Format Version 12.00
# Visual Studio Version 17
VisualStudioVersion = 17.13.35818.85 d17.13
MinimumVisualStudioVersion = 10.0.40219.1
Project("{FAE04EC0-301F-11D3-BF4B-00C04F79EFBC}") = "LandManagement.Api", "LandManagement.Api.csproj", "{5C82D47B-1F20-4565-B920-7F2DDD6B8FF6}"
EndProject
Global
	GlobalSection(SolutionConfigurationPlatforms) = preSolution
		Debug|Any CPU = Debug|Any CPU
		Release|Any CPU = Release|Any CPU
	EndGlobalSection
	GlobalSection(ProjectConfigurationPlatforms) = postSolution
		{5C82D47B-1F20-4565-B920-7F2DDD6B8FF6}.Debug|Any CPU.ActiveCfg = Debug|Any CPU
		{5C82D47B-1F20-4565-B920-7F2DDD6B8FF6}.Debug|Any CPU.Build.0 = Debug|Any CPU
		{5C82D47B-1F20-4565-B920-7F2DDD6B8FF6}.Release|Any CPU.ActiveCfg = Release|Any CPU
		{5C82D47B-1F20-4565-B920-7F2DDD6B8FF6}.Release|Any CPU.Build.0 = Release|Any CPU
	EndGlobalSection
	GlobalSection(SolutionProperties) = preSolution
		HideSolutionNode = FALSE
	EndGlobalSection
	GlobalSection(ExtensibilityGlobals) = postSolution
		SolutionGuid = {78C12821-FED4-48C1-BBE9-866B44CD4178}
	EndGlobalSection
EndGlobal
